
Microsoft Visual Studio Solution File, Format Version 12.00
# Visual Studio Version 16
VisualStudioVersion = 16.0.32228.343
MinimumVisualStudioVersion = 10.0.40219.1
Project("{FAE04EC0-301F-11D3-BF4B-00C04F79EFBC}") = "manager_parts_0.1", "manager_parts_0.1\manager_parts_0.1.csproj", "{94E58F8C-F16F-486F-BB4B-7AAB8B1247C5}"
EndProject
Global
	GlobalSection(SolutionConfigurationPlatforms) = preSolution
		Debug|Any CPU = Debug|Any CPU
		Release|Any CPU = Release|Any CPU
	EndGlobalSection
	GlobalSection(ProjectConfigurationPlatforms) = postSolution
		{94E58F8C-F16F-486F-BB4B-7AAB8B1247C5}.Debug|Any CPU.ActiveCfg = Debug|Any CPU
		{94E58F8C-F16F-486F-BB4B-7AAB8B1247C5}.Debug|Any CPU.Build.0 = Debug|Any CPU
		{94E58F8C-F16F-486F-BB4B-7AAB8B1247C5}.Release|Any CPU.ActiveCfg = Release|Any CPU
		{94E58F8C-F16F-486F-BB4B-7AAB8B1247C5}.Release|Any CPU.Build.0 = Release|Any CPU
	EndGlobalSection
	GlobalSection(SolutionProperties) = preSolution
		HideSolutionNode = FALSE
	EndGlobalSection
	GlobalSection(ExtensibilityGlobals) = postSolution
		SolutionGuid = {B000EA20-E5E3-4E09-90A1-B055594336A8}
	EndGlobalSection
EndGlobal
